
Microsoft Visual Studio Solution File, Format Version 12.00
# Visual Studio 15
VisualStudioVersion = 15.0.26228.12
MinimumVisualStudioVersion = 10.0.40219.1
Project("{FAE04EC0-301F-11D3-BF4B-00C04F79EFBC}") = "NNJC_CMS", "NNJC_CMS\NNJC_CMS.csproj", "{AF3DCDEC-94CA-48DC-9216-6969ED59F5A6}"
EndProject
Project("{FAE04EC0-301F-11D3-BF4B-00C04F79EFBC}") = "NNJC_CMS.单元测试", "NNJC_CMS.测试\NNJC_CMS.单元测试.csproj", "{35A06D3A-2893-4507-BB64-76B01CBF65EA}"
EndProject
Project("{FAE04EC0-301F-11D3-BF4B-00C04F79EFBC}") = "NNJC_CMS.集成测试", "NNJC_CMS.集成测试\NNJC_CMS.集成测试.csproj", "{2750968B-05B2-4F28-B27A-8F55A2E193BD}"
EndProject
Global
	GlobalSection(SolutionConfigurationPlatforms) = preSolution
		Debug|Any CPU = Debug|Any CPU
		Release|Any CPU = Release|Any CPU
	EndGlobalSection
	GlobalSection(ProjectConfigurationPlatforms) = postSolution
		{AF3DCDEC-94CA-48DC-9216-6969ED59F5A6}.Debug|Any CPU.ActiveCfg = Debug|Any CPU
		{AF3DCDEC-94CA-48DC-9216-6969ED59F5A6}.Debug|Any CPU.Build.0 = Debug|Any CPU
		{AF3DCDEC-94CA-48DC-9216-6969ED59F5A6}.Release|Any CPU.ActiveCfg = Release|Any CPU
		{AF3DCDEC-94CA-48DC-9216-6969ED59F5A6}.Release|Any CPU.Build.0 = Release|Any CPU
		{35A06D3A-2893-4507-BB64-76B01CBF65EA}.Debug|Any CPU.ActiveCfg = Debug|Any CPU
		{35A06D3A-2893-4507-BB64-76B01CBF65EA}.Debug|Any CPU.Build.0 = Debug|Any CPU
		{35A06D3A-2893-4507-BB64-76B01CBF65EA}.Release|Any CPU.ActiveCfg = Release|Any CPU
		{35A06D3A-2893-4507-BB64-76B01CBF65EA}.Release|Any CPU.Build.0 = Release|Any CPU
		{2750968B-05B2-4F28-B27A-8F55A2E193BD}.Debug|Any CPU.ActiveCfg = Debug|Any CPU
		{2750968B-05B2-4F28-B27A-8F55A2E193BD}.Debug|Any CPU.Build.0 = Debug|Any CPU
		{2750968B-05B2-4F28-B27A-8F55A2E193BD}.Release|Any CPU.ActiveCfg = Release|Any CPU
		{2750968B-05B2-4F28-B27A-8F55A2E193BD}.Release|Any CPU.Build.0 = Release|Any CPU
	EndGlobalSection
	GlobalSection(SolutionProperties) = preSolution
		HideSolutionNode = FALSE
	EndGlobalSection
EndGlobal
